
Microsoft Visual Studio Solution File, Format Version 12.00
# Visual Studio Version 16
VisualStudioVersion = 16.0.31911.196
MinimumVisualStudioVersion = 10.0.40219.1
Project("{FAE04EC0-301F-11D3-BF4B-00C04F79EFBC}") = "DaveO.AdventOfCode.Day3", "DaveO.AdventOfCode.Day3.csproj", "{52E1019E-A05F-48A0-B422-0E36FC43F6D6}"
EndProject
Global
	GlobalSection(SolutionConfigurationPlatforms) = preSolution
		Debug|Any CPU = Debug|Any CPU
		Release|Any CPU = Release|Any CPU
	EndGlobalSection
	GlobalSection(ProjectConfigurationPlatforms) = postSolution
		{52E1019E-A05F-48A0-B422-0E36FC43F6D6}.Debug|Any CPU.ActiveCfg = Debug|Any CPU
		{52E1019E-A05F-48A0-B422-0E36FC43F6D6}.Debug|Any CPU.Build.0 = Debug|Any CPU
		{52E1019E-A05F-48A0-B422-0E36FC43F6D6}.Release|Any CPU.ActiveCfg = Release|Any CPU
		{52E1019E-A05F-48A0-B422-0E36FC43F6D6}.Release|Any CPU.Build.0 = Release|Any CPU
	EndGlobalSection
	GlobalSection(SolutionProperties) = preSolution
		HideSolutionNode = FALSE
	EndGlobalSection
	GlobalSection(ExtensibilityGlobals) = postSolution
		SolutionGuid = {95E75A71-250B-45A2-9810-1726F5A3699F}
	EndGlobalSection
EndGlobal
